
Microsoft Visual Studio Solution File, Format Version 12.00
# Visual Studio Version 17
VisualStudioVersion = 17.3.32929.385
MinimumVisualStudioVersion = 10.0.40219.1
Project("{FAE04EC0-301F-11D3-BF4B-00C04F79EFBC}") = "TodoListProject", "TodoListProject\TodoListProject.csproj", "{0B8152A2-5A07-40F7-B3BC-BBB71471EAA3}"
EndProject
Global
	GlobalSection(SolutionConfigurationPlatforms) = preSolution
		Debug|Any CPU = Debug|Any CPU
		Release|Any CPU = Release|Any CPU
	EndGlobalSection
	GlobalSection(ProjectConfigurationPlatforms) = postSolution
		{0B8152A2-5A07-40F7-B3BC-BBB71471EAA3}.Debug|Any CPU.ActiveCfg = Debug|Any CPU
		{0B8152A2-5A07-40F7-B3BC-BBB71471EAA3}.Debug|Any CPU.Build.0 = Debug|Any CPU
		{0B8152A2-5A07-40F7-B3BC-BBB71471EAA3}.Release|Any CPU.ActiveCfg = Release|Any CPU
		{0B8152A2-5A07-40F7-B3BC-BBB71471EAA3}.Release|Any CPU.Build.0 = Release|Any CPU
	EndGlobalSection
	GlobalSection(SolutionProperties) = preSolution
		HideSolutionNode = FALSE
	EndGlobalSection
	GlobalSection(ExtensibilityGlobals) = postSolution
		SolutionGuid = {ED3A52B8-A7D1-4EF2-9F18-C2586CE33F7E}
	EndGlobalSection
EndGlobal
